
Microsoft Visual Studio Solution File, Format Version 12.00
# Visual Studio Version 16
VisualStudioVersion = 16.0.29230.61
MinimumVisualStudioVersion = 10.0.40219.1
Project("{8BC9CEB8-8B4A-11D0-8D11-00A0C91BC942}") = "BinarySearch", "Algoritms.vcxproj", "{6DF8FFA3-13E7-4CD0-B730-8F5628245A3F}"
EndProject
Project("{8BC9CEB8-8B4A-11D0-8D11-00A0C91BC942}") = "QuickSort", "..\QuickSort\QuickSort.vcxproj", "{7B9F0A24-EE9F-4763-8916-65345CE4B928}"
EndProject
Project("{8BC9CEB8-8B4A-11D0-8D11-00A0C91BC942}") = "ShakerSort", "..\ShakerSort\ShakerSort.vcxproj", "{723FB002-66D6-4481-B17B-50CC453FA255}"
EndProject
Project("{8BC9CEB8-8B4A-11D0-8D11-00A0C91BC942}") = "InsertSort", "..\InsertSort\InsertSort.vcxproj", "{5827552D-6D88-45B8-BD9E-95950F10D57C}"
EndProject
Project("{2150E333-8FDC-42A3-9474-1A3956D46DE8}") = "Sorts", "Sorts", "{CD81DFA3-5448-4994-8107-EC71C3A1E23B}"
EndProject
Project("{8BC9CEB8-8B4A-11D0-8D11-00A0C91BC942}") = "BubbleSort", "..\BubbleSort\BubbleSort.vcxproj", "{D7D13C51-E22F-4E22-98CD-FC745F451B72}"
EndProject
Project("{2150E333-8FDC-42A3-9474-1A3956D46DE8}") = "DataStructure", "DataStructure", "{01583A46-1347-415A-9EA2-31D5836675B8}"
EndProject
Project("{8BC9CEB8-8B4A-11D0-8D11-00A0C91BC942}") = "LinearLinkedList", "..\LinearLinkedList\LinearLinkedList.vcxproj", "{7D105676-5151-4CF6-BDC4-86A509C33B98}"
EndProject
Project("{2150E333-8FDC-42A3-9474-1A3956D46DE8}") = "Algorithms", "Algorithms", "{FA9114E9-6312-4BFA-8E46-0150D4C867EE}"
EndProject
Project("{8BC9CEB8-8B4A-11D0-8D11-00A0C91BC942}") = "CalcPolalndNotation", "..\CalcPolalndNotation\CalcPolalndNotation.vcxproj", "{94B47142-3C72-4F6F-88D4-324DB911F971}"
EndProject
Project("{8BC9CEB8-8B4A-11D0-8D11-00A0C91BC942}") = "ConvertToPolandNotation", "..\ConvertToPolandNotation\ConvertToPolandNotation.vcxproj", "{5C32ED85-0A59-4E24-AE17-AB9292E36F29}"
EndProject
Project("{8BC9CEB8-8B4A-11D0-8D11-00A0C91BC942}") = "B2Tree", "..\B2Tree\B2Tree.vcxproj", "{2BCCF1F9-8C60-4C52-ABE0-26EE86D5A468}"
EndProject
Project("{8BC9CEB8-8B4A-11D0-8D11-00A0C91BC942}") = "TraversWidth", "..\TraversWidth\TraversWidth.vcxproj", "{6C9DAC73-51DB-44CA-A4EC-04B1B114EA5E}"
EndProject
Global
	GlobalSection(SolutionConfigurationPlatforms) = preSolution
		Debug|x64 = Debug|x64
		Debug|x86 = Debug|x86
		Release|x64 = Release|x64
		Release|x86 = Release|x86
	EndGlobalSection
	GlobalSection(ProjectConfigurationPlatforms) = postSolution
		{6DF8FFA3-13E7-4CD0-B730-8F5628245A3F}.Debug|x64.ActiveCfg = Debug|x64
		{6DF8FFA3-13E7-4CD0-B730-8F5628245A3F}.Debug|x64.Build.0 = Debug|x64
		{6DF8FFA3-13E7-4CD0-B730-8F5628245A3F}.Debug|x86.ActiveCfg = Debug|Win32
		{6DF8FFA3-13E7-4CD0-B730-8F5628245A3F}.Debug|x86.Build.0 = Debug|Win32
		{6DF8FFA3-13E7-4CD0-B730-8F5628245A3F}.Release|x64.ActiveCfg = Release|x64
		{6DF8FFA3-13E7-4CD0-B730-8F5628245A3F}.Release|x64.Build.0 = Release|x64
		{6DF8FFA3-13E7-4CD0-B730-8F5628245A3F}.Release|x86.ActiveCfg = Release|Win32
		{6DF8FFA3-13E7-4CD0-B730-8F5628245A3F}.Release|x86.Build.0 = Release|Win32
		{7B9F0A24-EE9F-4763-8916-65345CE4B928}.Debug|x64.ActiveCfg = Debug|x64
		{7B9F0A24-EE9F-4763-8916-65345CE4B928}.Debug|x64.Build.0 = Debug|x64
		{7B9F0A24-EE9F-4763-8916-65345CE4B928}.Debug|x86.ActiveCfg = Debug|Win32
		{7B9F0A24-EE9F-4763-8916-65345CE4B928}.Debug|x86.Build.0 = Debug|Win32
		{7B9F0A24-EE9F-4763-8916-65345CE4B928}.Release|x64.ActiveCfg = Release|x64
		{7B9F0A24-EE9F-4763-8916-65345CE4B928}.Release|x64.Build.0 = Release|x64
		{7B9F0A24-EE9F-4763-8916-65345CE4B928}.Release|x86.ActiveCfg = Release|Win32
		{7B9F0A24-EE9F-4763-8916-65345CE4B928}.Release|x86.Build.0 = Release|Win32
		{723FB002-66D6-4481-B17B-50CC453FA255}.Debug|x64.ActiveCfg = Debug|x64
		{723FB002-66D6-4481-B17B-50CC453FA255}.Debug|x64.Build.0 = Debug|x64
		{723FB002-66D6-4481-B17B-50CC453FA255}.Debug|x86.ActiveCfg = Debug|Win32
		{723FB002-66D6-4481-B17B-50CC453FA255}.Debug|x86.Build.0 = Debug|Win32
		{723FB002-66D6-4481-B17B-50CC453FA255}.Release|x64.ActiveCfg = Release|x64
		{723FB002-66D6-4481-B17B-50CC453FA255}.Release|x64.Build.0 = Release|x64
		{723FB002-66D6-4481-B17B-50CC453FA255}.Release|x86.ActiveCfg = Release|Win32
		{723FB002-66D6-4481-B17B-50CC453FA255}.Release|x86.Build.0 = Release|Win32
		{5827552D-6D88-45B8-BD9E-95950F10D57C}.Debug|x64.ActiveCfg = Debug|x64
		{5827552D-6D88-45B8-BD9E-95950F10D57C}.Debug|x64.Build.0 = Debug|x64
		{5827552D-6D88-45B8-BD9E-95950F10D57C}.Debug|x86.ActiveCfg = Debug|Win32
		{5827552D-6D88-45B8-BD9E-95950F10D57C}.Debug|x86.Build.0 = Debug|Win32
		{5827552D-6D88-45B8-BD9E-95950F10D57C}.Release|x64.ActiveCfg = Release|x64
		{5827552D-6D88-45B8-BD9E-95950F10D57C}.Release|x64.Build.0 = Release|x64
		{5827552D-6D88-45B8-BD9E-95950F10D57C}.Release|x86.ActiveCfg = Release|Win32
		{5827552D-6D88-45B8-BD9E-95950F10D57C}.Release|x86.Build.0 = Release|Win32
		{D7D13C51-E22F-4E22-98CD-FC745F451B72}.Debug|x64.ActiveCfg = Debug|x64
		{D7D13C51-E22F-4E22-98CD-FC745F451B72}.Debug|x64.Build.0 = Debug|x64
		{D7D13C51-E22F-4E22-98CD-FC745F451B72}.Debug|x86.ActiveCfg = Debug|Win32
		{D7D13C51-E22F-4E22-98CD-FC745F451B72}.Debug|x86.Build.0 = Debug|Win32
		{D7D13C51-E22F-4E22-98CD-FC745F451B72}.Release|x64.ActiveCfg = Release|x64
		{D7D13C51-E22F-4E22-98CD-FC745F451B72}.Release|x64.Build.0 = Release|x64
		{D7D13C51-E22F-4E22-98CD-FC745F451B72}.Release|x86.ActiveCfg = Release|Win32
		{D7D13C51-E22F-4E22-98CD-FC745F451B72}.Release|x86.Build.0 = Release|Win32
		{7D105676-5151-4CF6-BDC4-86A509C33B98}.Debug|x64.ActiveCfg = Debug|x64
		{7D105676-5151-4CF6-BDC4-86A509C33B98}.Debug|x64.Build.0 = Debug|x64
		{7D105676-5151-4CF6-BDC4-86A509C33B98}.Debug|x86.ActiveCfg = Debug|Win32
		{7D105676-5151-4CF6-BDC4-86A509C33B98}.Debug|x86.Build.0 = Debug|Win32
		{7D105676-5151-4CF6-BDC4-86A509C33B98}.Release|x64.ActiveCfg = Release|x64
		{7D105676-5151-4CF6-BDC4-86A509C33B98}.Release|x64.Build.0 = Release|x64
		{7D105676-5151-4CF6-BDC4-86A509C33B98}.Release|x86.ActiveCfg = Release|Win32
		{7D105676-5151-4CF6-BDC4-86A509C33B98}.Release|x86.Build.0 = Release|Win32
		{94B47142-3C72-4F6F-88D4-324DB911F971}.Debug|x64.ActiveCfg = Debug|x64
		{94B47142-3C72-4F6F-88D4-324DB911F971}.Debug|x64.Build.0 = Debug|x64
		{94B47142-3C72-4F6F-88D4-324DB911F971}.Debug|x86.ActiveCfg = Debug|Win32
		{94B47142-3C72-4F6F-88D4-324DB911F971}.Debug|x86.Build.0 = Debug|Win32
		{94B47142-3C72-4F6F-88D4-324DB911F971}.Release|x64.ActiveCfg = Release|x64
		{94B47142-3C72-4F6F-88D4-324DB911F971}.Release|x64.Build.0 = Release|x64
		{94B47142-3C72-4F6F-88D4-324DB911F971}.Release|x86.ActiveCfg = Release|Win32
		{94B47142-3C72-4F6F-88D4-324DB911F971}.Release|x86.Build.0 = Release|Win32
		{5C32ED85-0A59-4E24-AE17-AB9292E36F29}.Debug|x64.ActiveCfg = Debug|x64
		{5C32ED85-0A59-4E24-AE17-AB9292E36F29}.Debug|x64.Build.0 = Debug|x64
		{5C32ED85-0A59-4E24-AE17-AB9292E36F29}.Debug|x86.ActiveCfg = Debug|Win32
		{5C32ED85-0A59-4E24-AE17-AB9292E36F29}.Debug|x86.Build.0 = Debug|Win32
		{5C32ED85-0A59-4E24-AE17-AB9292E36F29}.Release|x64.ActiveCfg = Release|x64
		{5C32ED85-0A59-4E24-AE17-AB9292E36F29}.Release|x64.Build.0 = Release|x64
		{5C32ED85-0A59-4E24-AE17-AB9292E36F29}.Release|x86.ActiveCfg = Release|Win32
		{5C32ED85-0A59-4E24-AE17-AB9292E36F29}.Release|x86.Build.0 = Release|Win32
		{2BCCF1F9-8C60-4C52-ABE0-26EE86D5A468}.Debug|x64.ActiveCfg = Debug|x64
		{2BCCF1F9-8C60-4C52-ABE0-26EE86D5A468}.Debug|x64.Build.0 = Debug|x64
		{2BCCF1F9-8C60-4C52-ABE0-26EE86D5A468}.Debug|x86.ActiveCfg = Debug|Win32
		{2BCCF1F9-8C60-4C52-ABE0-26EE86D5A468}.Debug|x86.Build.0 = Debug|Win32
		{2BCCF1F9-8C60-4C52-ABE0-26EE86D5A468}.Release|x64.ActiveCfg = Release|x64
		{2BCCF1F9-8C60-4C52-ABE0-26EE86D5A468}.Release|x64.Build.0 = Release|x64
		{2BCCF1F9-8C60-4C52-ABE0-26EE86D5A468}.Release|x86.ActiveCfg = Release|Win32
		{2BCCF1F9-8C60-4C52-ABE0-26EE86D5A468}.Release|x86.Build.0 = Release|Win32
		{6C9DAC73-51DB-44CA-A4EC-04B1B114EA5E}.Debug|x64.ActiveCfg = Debug|x64
		{6C9DAC73-51DB-44CA-A4EC-04B1B114EA5E}.Debug|x64.Build.0 = Debug|x64
		{6C9DAC73-51DB-44CA-A4EC-04B1B114EA5E}.Debug|x86.ActiveCfg = Debug|Win32
		{6C9DAC73-51DB-44CA-A4EC-04B1B114EA5E}.Debug|x86.Build.0 = Debug|Win32
		{6C9DAC73-51DB-44CA-A4EC-04B1B114EA5E}.Release|x64.ActiveCfg = Release|x64
		{6C9DAC73-51DB-44CA-A4EC-04B1B114EA5E}.Release|x64.Build.0 = Release|x64
		{6C9DAC73-51DB-44CA-A4EC-04B1B114EA5E}.Release|x86.ActiveCfg = Release|Win32
		{6C9DAC73-51DB-44CA-A4EC-04B1B114EA5E}.Release|x86.Build.0 = Release|Win32
	EndGlobalSection
	GlobalSection(SolutionProperties) = preSolution
		HideSolutionNode = FALSE
	EndGlobalSection
	GlobalSection(NestedProjects) = preSolution
		{6DF8FFA3-13E7-4CD0-B730-8F5628245A3F} = {FA9114E9-6312-4BFA-8E46-0150D4C867EE}
		{7B9F0A24-EE9F-4763-8916-65345CE4B928} = {CD81DFA3-5448-4994-8107-EC71C3A1E23B}
		{723FB002-66D6-4481-B17B-50CC453FA255} = {CD81DFA3-5448-4994-8107-EC71C3A1E23B}
		{5827552D-6D88-45B8-BD9E-95950F10D57C} = {CD81DFA3-5448-4994-8107-EC71C3A1E23B}
		{D7D13C51-E22F-4E22-98CD-FC745F451B72} = {CD81DFA3-5448-4994-8107-EC71C3A1E23B}
		{7D105676-5151-4CF6-BDC4-86A509C33B98} = {01583A46-1347-415A-9EA2-31D5836675B8}
		{94B47142-3C72-4F6F-88D4-324DB911F971} = {FA9114E9-6312-4BFA-8E46-0150D4C867EE}
		{5C32ED85-0A59-4E24-AE17-AB9292E36F29} = {FA9114E9-6312-4BFA-8E46-0150D4C867EE}
		{2BCCF1F9-8C60-4C52-ABE0-26EE86D5A468} = {01583A46-1347-415A-9EA2-31D5836675B8}
		{6C9DAC73-51DB-44CA-A4EC-04B1B114EA5E} = {FA9114E9-6312-4BFA-8E46-0150D4C867EE}
	EndGlobalSection
	GlobalSection(ExtensibilityGlobals) = postSolution
		SolutionGuid = {884B35A3-2053-4562-A4EA-DB70B82416C4}
	EndGlobalSection
EndGlobal
